
Microsoft Visual Studio Solution File, Format Version 12.00
# Visual Studio Version 16
VisualStudioVersion = 16.0.29728.190
MinimumVisualStudioVersion = 10.0.40219.1
Project("{2150E333-8FDC-42A3-9474-1A3956D46DE8}") = "Infra.IOC", "Infra.IOC", "{B1EBECCA-35E7-4E68-A6A2-71F06B39CCFC}"
EndProject
Project("{2150E333-8FDC-42A3-9474-1A3956D46DE8}") = "MS", "MS", "{70B2D525-1027-4FBF-8AAC-03F6F68DEAFE}"
EndProject
Project("{FAE04EC0-301F-11D3-BF4B-00C04F79EFBC}") = "GestionMS.Infr.Ioc", "ClassLibrary1\GestionMS.Infr.Ioc.csproj", "{7B297FDA-6265-43C8-AA7D-2EE1B006B5D5}"
EndProject
Project("{2150E333-8FDC-42A3-9474-1A3956D46DE8}") = "ms1", "ms1", "{27393461-089D-42F7-8AD1-ABB764D71DF2}"
EndProject
Project("{2150E333-8FDC-42A3-9474-1A3956D46DE8}") = "Api", "Api", "{B2A1C41B-63EB-4A9E-9BDD-8D20329F6ADE}"
EndProject
Project("{2150E333-8FDC-42A3-9474-1A3956D46DE8}") = "Application", "Application", "{2C76137A-4C59-49F5-B546-6494A74D0125}"
EndProject
Project("{2150E333-8FDC-42A3-9474-1A3956D46DE8}") = "Data", "Data", "{20C85485-EFD1-4D9D-948A-F7B59188500B}"
EndProject
Project("{2150E333-8FDC-42A3-9474-1A3956D46DE8}") = "Domain", "Domain", "{A10BF0AF-0DBA-4783-A277-D52DA0A131CE}"
EndProject
Project("{FAE04EC0-301F-11D3-BF4B-00C04F79EFBC}") = "Poulina.GestionMS.Api", "Poulina.GestionMS.Api\Poulina.GestionMS.Api.csproj", "{01DE6849-D714-472B-9FE2-5659B7640482}"
EndProject
Project("{FAE04EC0-301F-11D3-BF4B-00C04F79EFBC}") = "Poulina.GestionMs.Data", "Poulina.GestionMs.Data\Poulina.GestionMs.Data.csproj", "{7BD76F58-1F73-4EA5-AE86-80E8482AA1E3}"
EndProject
Project("{FAE04EC0-301F-11D3-BF4B-00C04F79EFBC}") = "Poulina.GestionMS.Domain", "Poulina.GestionMS.Domain\Poulina.GestionMS.Domain.csproj", "{2D60D417-98A5-4216-8227-071E03D21746}"
EndProject
Global
	GlobalSection(SolutionConfigurationPlatforms) = preSolution
		Debug|Any CPU = Debug|Any CPU
		Release|Any CPU = Release|Any CPU
	EndGlobalSection
	GlobalSection(ProjectConfigurationPlatforms) = postSolution
		{7B297FDA-6265-43C8-AA7D-2EE1B006B5D5}.Debug|Any CPU.ActiveCfg = Debug|Any CPU
		{7B297FDA-6265-43C8-AA7D-2EE1B006B5D5}.Debug|Any CPU.Build.0 = Debug|Any CPU
		{7B297FDA-6265-43C8-AA7D-2EE1B006B5D5}.Release|Any CPU.ActiveCfg = Release|Any CPU
		{7B297FDA-6265-43C8-AA7D-2EE1B006B5D5}.Release|Any CPU.Build.0 = Release|Any CPU
		{01DE6849-D714-472B-9FE2-5659B7640482}.Debug|Any CPU.ActiveCfg = Debug|Any CPU
		{01DE6849-D714-472B-9FE2-5659B7640482}.Debug|Any CPU.Build.0 = Debug|Any CPU
		{01DE6849-D714-472B-9FE2-5659B7640482}.Release|Any CPU.ActiveCfg = Release|Any CPU
		{01DE6849-D714-472B-9FE2-5659B7640482}.Release|Any CPU.Build.0 = Release|Any CPU
		{7BD76F58-1F73-4EA5-AE86-80E8482AA1E3}.Debug|Any CPU.ActiveCfg = Debug|Any CPU
		{7BD76F58-1F73-4EA5-AE86-80E8482AA1E3}.Debug|Any CPU.Build.0 = Debug|Any CPU
		{7BD76F58-1F73-4EA5-AE86-80E8482AA1E3}.Release|Any CPU.ActiveCfg = Release|Any CPU
		{7BD76F58-1F73-4EA5-AE86-80E8482AA1E3}.Release|Any CPU.Build.0 = Release|Any CPU
		{2D60D417-98A5-4216-8227-071E03D21746}.Debug|Any CPU.ActiveCfg = Debug|Any CPU
		{2D60D417-98A5-4216-8227-071E03D21746}.Debug|Any CPU.Build.0 = Debug|Any CPU
		{2D60D417-98A5-4216-8227-071E03D21746}.Release|Any CPU.ActiveCfg = Release|Any CPU
		{2D60D417-98A5-4216-8227-071E03D21746}.Release|Any CPU.Build.0 = Release|Any CPU
	EndGlobalSection
	GlobalSection(SolutionProperties) = preSolution
		HideSolutionNode = FALSE
	EndGlobalSection
	GlobalSection(NestedProjects) = preSolution
		{7B297FDA-6265-43C8-AA7D-2EE1B006B5D5} = {B1EBECCA-35E7-4E68-A6A2-71F06B39CCFC}
		{27393461-089D-42F7-8AD1-ABB764D71DF2} = {70B2D525-1027-4FBF-8AAC-03F6F68DEAFE}
		{B2A1C41B-63EB-4A9E-9BDD-8D20329F6ADE} = {27393461-089D-42F7-8AD1-ABB764D71DF2}
		{2C76137A-4C59-49F5-B546-6494A74D0125} = {27393461-089D-42F7-8AD1-ABB764D71DF2}
		{20C85485-EFD1-4D9D-948A-F7B59188500B} = {27393461-089D-42F7-8AD1-ABB764D71DF2}
		{A10BF0AF-0DBA-4783-A277-D52DA0A131CE} = {27393461-089D-42F7-8AD1-ABB764D71DF2}
		{01DE6849-D714-472B-9FE2-5659B7640482} = {B2A1C41B-63EB-4A9E-9BDD-8D20329F6ADE}
		{7BD76F58-1F73-4EA5-AE86-80E8482AA1E3} = {20C85485-EFD1-4D9D-948A-F7B59188500B}
		{2D60D417-98A5-4216-8227-071E03D21746} = {A10BF0AF-0DBA-4783-A277-D52DA0A131CE}
	EndGlobalSection
	GlobalSection(ExtensibilityGlobals) = postSolution
		SolutionGuid = {E1112547-549A-44C8-AF0B-1D3CEB914FFD}
	EndGlobalSection
EndGlobal
